
Microsoft Visual Studio Solution File, Format Version 12.00
# Visual Studio Version 17
VisualStudioVersion = 17.7.34221.43
MinimumVisualStudioVersion = 10.0.40219.1
Project("{9A19103F-16F7-4668-BE54-9A1E7A4F7556}") = "RecentTradingData", "SimpleAPICall\RecentTradingData.csproj", "{725D0179-1168-462A-BCAF-CAB7E9EA7EC9}"
EndProject
Global
	GlobalSection(SolutionConfigurationPlatforms) = preSolution
		Debug|Any CPU = Debug|Any CPU
		Debug|x64 = Debug|x64
		Release|Any CPU = Release|Any CPU
		Release|x64 = Release|x64
	EndGlobalSection
	GlobalSection(ProjectConfigurationPlatforms) = postSolution
		{725D0179-1168-462A-BCAF-CAB7E9EA7EC9}.Debug|Any CPU.ActiveCfg = Debug|Any CPU
		{725D0179-1168-462A-BCAF-CAB7E9EA7EC9}.Debug|Any CPU.Build.0 = Debug|Any CPU
		{725D0179-1168-462A-BCAF-CAB7E9EA7EC9}.Debug|x64.ActiveCfg = Debug|x64
		{725D0179-1168-462A-BCAF-CAB7E9EA7EC9}.Debug|x64.Build.0 = Debug|x64
		{725D0179-1168-462A-BCAF-CAB7E9EA7EC9}.Release|Any CPU.ActiveCfg = Release|Any CPU
		{725D0179-1168-462A-BCAF-CAB7E9EA7EC9}.Release|Any CPU.Build.0 = Release|Any CPU
		{725D0179-1168-462A-BCAF-CAB7E9EA7EC9}.Release|x64.ActiveCfg = Release|x64
		{725D0179-1168-462A-BCAF-CAB7E9EA7EC9}.Release|x64.Build.0 = Release|x64
	EndGlobalSection
	GlobalSection(SolutionProperties) = preSolution
		HideSolutionNode = FALSE
	EndGlobalSection
	GlobalSection(ExtensibilityGlobals) = postSolution
		SolutionGuid = {5B0BE868-274D-4A35-B63F-B20D06A95D53}
	EndGlobalSection
EndGlobal
